{
  "name": "giinos",
  "lockfileVersion": 2,
  "requires": true,
  "packages": {
    "": {
      "dependencies": {
        "fontawesome-free": "^1.0.1"
      }
    },
    "node_modules/fontawesome-free": {
      "version": "1.0.1",
      "resolved": "https://registry.npmjs.org/fontawesome-free/-/fontawesome-free-1.0.1.tgz",
      "integrity": "sha512-pmjY7xTuHSx4FRSHb9KuKEdJKdpCiGiXFykNPkYdPh5bVHIsQc1d7+YeAl9abIG95SSz2JTq+6+lyhojeEEr1A=="
    }
  },
  "dependencies": {
    "fontawesome-free": {
      "version": "1.0.1",
      "resolved": "https://registry.npmjs.org/fontawesome-free/-/fontawesome-free-1.0.1.tgz",
      "integrity": "sha512-pmjY7xTuHSx4FRSHb9KuKEdJKdpCiGiXFykNPkYdPh5bVHIsQc1d7+YeAl9abIG95SSz2JTq+6+lyhojeEEr1A=="
    }
  }
}
